// !$*UTF8*$!
{
	archiveVersion = 1;
	classes = {
	};
	objectVersion = 56;
	objects = {

/* Begin PBXBuildFile section */
		21A0E5932D0B5FF200778A17 /* AppDelegate.swift in Sources */ = {isa = PBXBuildFile; fileRef = 21A0E5922D0B5FF200778A17 /* AppDelegate.swift */; };
		21A0E5952D0B5FF200778A17 /* SceneDelegate.swift in Sources */ = {isa = PBXBuildFile; fileRef = 21A0E5942D0B5FF200778A17 /* SceneDelegate.swift */; };
		21A0E5972D0B5FF200778A17 /* ViewController.swift in Sources */ = {isa = PBXBuildFile; fileRef = 21A0E5962D0B5FF200778A17 /* ViewController.swift */; };
		21A0E59A2D0B5FF200778A17 /* Main.storyboard in Resources */ = {isa = PBXBuildFile; fileRef = 21A0E5982D0B5FF200778A17 /* Main.storyboard */; };
		21A0E59C2D0B5FF700778A17 /* Assets.xcassets in Resources */ = {isa = PBXBuildFile; fileRef = 21A0E59B2D0B5FF700778A17 /* Assets.xcassets */; };
		21A0E59F2D0B5FF700778A17 /* LaunchScreen.storyboard in Resources */ = {isa = PBXBuildFile; fileRef = 21A0E59D2D0B5FF700778A17 /* LaunchScreen.storyboard */; };
		21A0E5AA2D0B5FF800778A17 /* STEMPathwaysTests.swift in Sources */ = {isa = PBXBuildFile; fileRef = 21A0E5A92D0B5FF800778A17 /* STEMPathwaysTests.swift */; };
		21A0E5B42D0B5FF800778A17 /* STEMPathwaysUITests.swift in Sources */ = {isa = PBXBuildFile; fileRef = 21A0E5B32D0B5FF800778A17 /* STEMPathwaysUITests.swift */; };
		21A0E5B62D0B5FF800778A17 /* STEMPathwaysUITestsLaunchTests.swift in Sources */ = {isa = PBXBuildFile; fileRef = 21A0E5B52D0B5FF800778A17 /* STEMPathwaysUITestsLaunchTests.swift */; };
/* End PBXBuildFile section */

/* Begin PBXContainerItemProxy section */
		21A0E5A62D0B5FF800778A17 /* PBXContainerItemProxy */ = {
			isa = PBXContainerItemProxy;
			containerPortal = 21A0E5872D0B5FF200778A17 /* Project object */;
			proxyType = 1;
			remoteGlobalIDString = 21A0E58E2D0B5FF200778A17;
			remoteInfo = STEMPathways;
		};
		21A0E5B02D0B5FF800778A17 /* PBXContainerItemProxy */ = {
			isa = PBXContainerItemProxy;
			containerPortal = 21A0E5872D0B5FF200778A17 /* Project object */;
			proxyType = 1;
			remoteGlobalIDString = 21A0E58E2D0B5FF200778A17;
			remoteInfo = STEMPathways;
		};
/* End PBXContainerItemProxy section */

/* Begin PBXFileReference section */
		21A0E58F2D0B5FF200778A17 /* STEMPathways.app */ = {isa = PBXFileReference; explicitFileType = wrapper.application; includeInIndex = 0; path = STEMPathways.app; sourceTree = BUILT_PRODUCTS_DIR; };
		21A0E5922D0B5FF200778A17 /* AppDelegate.swift */ = {isa = PBXFileReference; lastKnownFileType = sourcecode.swift; path = AppDelegate.swift; sourceTree = "<group>"; };
		21A0E5942D0B5FF200778A17 /* SceneDelegate.swift */ = {isa = PBXFileReference; lastKnownFileType = sourcecode.swift; path = SceneDelegate.swift; sourceTree = "<group>"; };
		21A0E5962D0B5FF200778A17 /* ViewController.swift */ = {isa = PBXFileReference; lastKnownFileType = sourcecode.swift; path = ViewController.swift; sourceTree = "<group>"; };
		21A0E5992D0B5FF200778A17 /* Base */ = {isa = PBXFileReference; lastKnownFileType = file.storyboard; name = Base; path = Base.lproj/Main.storyboard; sourceTree = "<group>"; };
		21A0E59B2D0B5FF700778A17 /* Assets.xcassets */ = {isa = PBXFileReference; lastKnownFileType = folder.assetcatalog; path = Assets.xcassets; sourceTree = "<group>"; };
		21A0E59E2D0B5FF700778A17 /* Base */ = {isa = PBXFileReference; lastKnownFileType = file.storyboard; name = Base; path = Base.lproj/LaunchScreen.storyboard; sourceTree = "<group>"; };
		21A0E5A02D0B5FF700778A17 /* Info.plist */ = {isa = PBXFileReference; lastKnownFileType = text.plist.xml; path = Info.plist; sourceTree = "<group>"; };
		21A0E5A52D0B5FF800778A17 /* STEMPathwaysTests.xctest */ = {isa = PBXFileReference; explicitFileType = wrapper.cfbundle; includeInIndex = 0; path = STEMPathwaysTests.xctest; sourceTree = BUILT_PRODUCTS_DIR; };
		21A0E5A92D0B5FF800778A17 /* STEMPathwaysTests.swift */ = {isa = PBXFileReference; lastKnownFileType = sourcecode.swift; path = STEMPathwaysTests.swift; sourceTree = "<group>"; };
		21A0E5AF2D0B5FF800778A17 /* STEMPathwaysUITests.xctest */ = {isa = PBXFileReference; explicitFileType = wrapper.cfbundle; includeInIndex = 0; path = STEMPathwaysUITests.xctest; sourceTree = BUILT_PRODUCTS_DIR; };
		21A0E5B32D0B5FF800778A17 /* STEMPathwaysUITests.swift */ = {isa = PBXFileReference; lastKnownFileType = sourcecode.swift; path = STEMPathwaysUITests.swift; sourceTree = "<group>"; };
		21A0E5B52D0B5FF800778A17 /* STEMPathwaysUITestsLaunchTests.swift */ = {isa = PBXFileReference; lastKnownFileType = sourcecode.swift; path = STEMPathwaysUITestsLaunchTests.swift; sourceTree = "<group>"; };
/* End PBXFileReference section */

/* Begin PBXFrameworksBuildPhase section */
		21A0E58C2D0B5FF200778A17 /* Frameworks */ = {
			isa = PBXFrameworksBuildPhase;
			buildActionMask = 2147483647;
			files = (
			);
			runOnlyForDeploymentPostprocessing = 0;
		};
		21A0E5A22D0B5FF800778A17 /* Frameworks */ = {
			isa = PBXFrameworksBuildPhase;
			buildActionMask = 2147483647;
			files = (
			);
			runOnlyForDeploymentPostprocessing = 0;
		};
		21A0E5AC2D0B5FF800778A17 /* Frameworks */ = {
			isa = PBXFrameworksBuildPhase;
			buildActionMask = 2147483647;
			files = (
			);
			runOnlyForDeploymentPostprocessing = 0;
		};
/* End PBXFrameworksBuildPhase section */

/* Begin PBXGroup section */
		21A0E5862D0B5FF200778A17 = {
			isa = PBXGroup;
			children = (
				21A0E5912D0B5FF200778A17 /* STEMPathways */,
				21A0E5A82D0B5FF800778A17 /* STEMPathwaysTests */,
				21A0E5B22D0B5FF800778A17 /* STEMPathwaysUITests */,
				21A0E5902D0B5FF200778A17 /* Products */,
			);
			sourceTree = "<group>";
		};
		21A0E5902D0B5FF200778A17 /* Products */ = {
			isa = PBXGroup;
			children = (
				21A0E58F2D0B5FF200778A17 /* STEMPathways.app */,
				21A0E5A52D0B5FF800778A17 /* STEMPathwaysTests.xctest */,
				21A0E5AF2D0B5FF800778A17 /* STEMPathwaysUITests.xctest */,
			);
			name = Products;
			sourceTree = "<group>";
		};
		21A0E5912D0B5FF200778A17 /* STEMPathways */ = {
			isa = PBXGroup;
			children = (
				21A0E5922D0B5FF200778A17 /* AppDelegate.swift */,
				21A0E5942D0B5FF200778A17 /* SceneDelegate.swift */,
				21A0E5962D0B5FF200778A17 /* ViewController.swift */,
				21A0E5982D0B5FF200778A17 /* Main.storyboard */,
				21A0E59B2D0B5FF700778A17 /* Assets.xcassets */,
				21A0E59D2D0B5FF700778A17 /* LaunchScreen.storyboard */,
				21A0E5A02D0B5FF700778A17 /* Info.plist */,
			);
			path = STEMPathways;
			sourceTree = "<group>";
		};
		21A0E5A82D0B5FF800778A17 /* STEMPathwaysTests */ = {
			isa = PBXGroup;
			children = (
				21A0E5A92D0B5FF800778A17 /* STEMPathwaysTests.swift */,
			);
			path = STEMPathwaysTests;
			sourceTree = "<group>";
		};
		21A0E5B22D0B5FF800778A17 /* STEMPathwaysUITests */ = {
			isa = PBXGroup;
			children = (
				21A0E5B32D0B5FF800778A17 /* STEMPathwaysUITests.swift */,
				21A0E5B52D0B5FF800778A17 /* STEMPathwaysUITestsLaunchTests.swift */,
			);
			path = STEMPathwaysUITests;
			sourceTree = "<group>";
		};
/* End PBXGroup section */

/* Begin PBXNativeTarget section */
		21A0E58E2D0B5FF200778A17 /* STEMPathways */ = {
			isa = PBXNativeTarget;
			buildConfigurationList = 21A0E5B92D0B5FF800778A17 /* Build configuration list for PBXNativeTarget "STEMPathways" */;
			buildPhases = (
				21A0E58B2D0B5FF200778A17 /* Sources */,
				21A0E58C2D0B5FF200778A17 /* Frameworks */,
				21A0E58D2D0B5FF200778A17 /* Resources */,
			);
			buildRules = (
			);
			dependencies = (
			);
			name = STEMPathways;
			productName = STEMPathways;
			productReference = 21A0E58F2D0B5FF200778A17 /* STEMPathways.app */;
			productType = "com.apple.product-type.application";
		};
		21A0E5A42D0B5FF800778A17 /* STEMPathwaysTests */ = {
			isa = PBXNativeTarget;
			buildConfigurationList = 21A0E5BC2D0B5FF800778A17 /* Build configuration list for PBXNativeTarget "STEMPathwaysTests" */;
			buildPhases = (
				21A0E5A12D0B5FF800778A17 /* Sources */,
				21A0E5A22D0B5FF800778A17 /* Frameworks */,
				21A0E5A32D0B5FF800778A17 /* Resources */,
			);
			buildRules = (
			);
			dependencies = (
				21A0E5A72D0B5FF800778A17 /* PBXTargetDependency */,
			);
			name = STEMPathwaysTests;
			productName = STEMPathwaysTests;
			productReference = 21A0E5A52D0B5FF800778A17 /* STEMPathwaysTests.xctest */;
			productType = "com.apple.product-type.bundle.unit-test";
		};
		21A0E5AE2D0B5FF800778A17 /* STEMPathwaysUITests */ = {
			isa = PBXNativeTarget;
			buildConfigurationList = 21A0E5BF2D0B5FF800778A17 /* Build configuration list for PBXNativeTarget "STEMPathwaysUITests" */;
			buildPhases = (
				21A0E5AB2D0B5FF800778A17 /* Sources */,
				21A0E5AC2D0B5FF800778A17 /* Frameworks */,
				21A0E5AD2D0B5FF800778A17 /* Resources */,
			);
			buildRules = (
			);
			dependencies = (
				21A0E5B12D0B5FF800778A17 /* PBXTargetDependency */,
			);
			name = STEMPathwaysUITests;
			productName = STEMPathwaysUITests;
			productReference = 21A0E5AF2D0B5FF800778A17 /* STEMPathwaysUITests.xctest */;
			productType = "com.apple.product-type.bundle.ui-testing";
		};
/* End PBXNativeTarget section */

/* Begin PBXProject section */
		21A0E5872D0B5FF200778A17 /* Project object */ = {
			isa = PBXProject;
			attributes = {
				BuildIndependentTargetsInParallel = 1;
				LastSwiftUpdateCheck = 1500;
				LastUpgradeCheck = 1500;
				TargetAttributes = {
					21A0E58E2D0B5FF200778A17 = {
						CreatedOnToolsVersion = 15.0;
					};
					21A0E5A42D0B5FF800778A17 = {
						CreatedOnToolsVersion = 15.0;
						TestTargetID = 21A0E58E2D0B5FF200778A17;
					};
					21A0E5AE2D0B5FF800778A17 = {
						CreatedOnToolsVersion = 15.0;
						TestTargetID = 21A0E58E2D0B5FF200778A17;
					};
				};
			};
			buildConfigurationList = 21A0E58A2D0B5FF200778A17 /* Build configuration list for PBXProject "STEMPathways" */;
			compatibilityVersion = "Xcode 14.0";
			developmentRegion = en;
			hasScannedForEncodings = 0;
			knownRegions = (
				en,
				Base,
			);
			mainGroup = 21A0E5862D0B5FF200778A17;
			productRefGroup = 21A0E5902D0B5FF200778A17 /* Products */;
			projectDirPath = "";
			projectRoot = "";
			targets = (
				21A0E58E2D0B5FF200778A17 /* STEMPathways */,
				21A0E5A42D0B5FF800778A17 /* STEMPathwaysTests */,
				21A0E5AE2D0B5FF800778A17 /* STEMPathwaysUITests */,
			);
		};
/* End PBXProject section */

/* Begin PBXResourcesBuildPhase section */
		21A0E58D2D0B5FF200778A17 /* Resources */ = {
			isa = PBXResourcesBuildPhase;
			buildActionMask = 2147483647;
			files = (
				21A0E59F2D0B5FF700778A17 /* LaunchScreen.storyboard in Resources */,
				21A0E59C2D0B5FF700778A17 /* Assets.xcassets in Resources */,
				21A0E59A2D0B5FF200778A17 /* Main.storyboard in Resources */,
			);
			runOnlyForDeploymentPostprocessing = 0;
		};
		21A0E5A32D0B5FF800778A17 /* Resources */ = {
			isa = PBXResourcesBuildPhase;
			buildActionMask = 2147483647;
			files = (
			);
			runOnlyForDeploymentPostprocessing = 0;
		};
		21A0E5AD2D0B5FF800778A17 /* Resources */ = {
			isa = PBXResourcesBuildPhase;
			buildActionMask = 2147483647;
			files = (
			);
			runOnlyForDeploymentPostprocessing = 0;
		};
/* End PBXResourcesBuildPhase section */

/* Begin PBXSourcesBuildPhase section */
		21A0E58B2D0B5FF200778A17 /* Sources */ = {
			isa = PBXSourcesBuildPhase;
			buildActionMask = 2147483647;
			files = (
				21A0E5972D0B5FF200778A17 /* ViewController.swift in Sources */,
				21A0E5932D0B5FF200778A17 /* AppDelegate.swift in Sources */,
				21A0E5952D0B5FF200778A17 /* SceneDelegate.swift in Sources */,
			);
			runOnlyForDeploymentPostprocessing = 0;
		};
		21A0E5A12D0B5FF800778A17 /* Sources */ = {
			isa = PBXSourcesBuildPhase;
			buildActionMask = 2147483647;
			files = (
				21A0E5AA2D0B5FF800778A17 /* STEMPathwaysTests.swift in Sources */,
			);
			runOnlyForDeploymentPostprocessing = 0;
		};
		21A0E5AB2D0B5FF800778A17 /* Sources */ = {
			isa = PBXSourcesBuildPhase;
			buildActionMask = 2147483647;
			files = (
				21A0E5B62D0B5FF800778A17 /* STEMPathwaysUITestsLaunchTests.swift in Sources */,
				21A0E5B42D0B5FF800778A17 /* STEMPathwaysUITests.swift in Sources */,
			);
			runOnlyForDeploymentPostprocessing = 0;
		};
/* End PBXSourcesBuildPhase section */

/* Begin PBXTargetDependency section */
		21A0E5A72D0B5FF800778A17 /* PBXTargetDependency */ = {
			isa = PBXTargetDependency;
			target = 21A0E58E2D0B5FF200778A17 /* STEMPathways */;
			targetProxy = 21A0E5A62D0B5FF800778A17 /* PBXContainerItemProxy */;
		};
		21A0E5B12D0B5FF800778A17 /* PBXTargetDependency */ = {
			isa = PBXTargetDependency;
			target = 21A0E58E2D0B5FF200778A17 /* STEMPathways */;
			targetProxy = 21A0E5B02D0B5FF800778A17 /* PBXContainerItemProxy */;
		};
/* End PBXTargetDependency section */

/* Begin PBXVariantGroup section */
		21A0E5982D0B5FF200778A17 /* Main.storyboard */ = {
			isa = PBXVariantGroup;
			children = (
				21A0E5992D0B5FF200778A17 /* Base */,
			);
			name = Main.storyboard;
			sourceTree = "<group>";
		};
		21A0E59D2D0B5FF700778A17 /* LaunchScreen.storyboard */ = {
			isa = PBXVariantGroup;
			children = (
				21A0E59E2D0B5FF700778A17 /* Base */,
			);
			name = LaunchScreen.storyboard;
			sourceTree = "<group>";
		};
/* End PBXVariantGroup section */

/* Begin XCBuildConfiguration section */
		21A0E5B72D0B5FF800778A17 /* Debug */ = {
			isa = XCBuildConfiguration;
			buildSettings = {
				ALWAYS_SEARCH_USER_PATHS = NO;
				ASSETCATALOG_COMPILER_GENERATE_SWIFT_ASSET_SYMBOL_EXTENSIONS = YES;
				CLANG_ANALYZER_NONNULL = YES;
				CLANG_ANALYZER_NUMBER_OBJECT_CONVERSION = YES_AGGRESSIVE;
				CLANG_CXX_LANGUAGE_STANDARD = "gnu++20";
				CLANG_ENABLE_MODULES = YES;
				CLANG_ENABLE_OBJC_ARC = YES;
				CLANG_ENABLE_OBJC_WEAK = YES;
				CLANG_WARN_BLOCK_CAPTURE_AUTORELEASING = YES;
				CLANG_WARN_BOOL_CONVERSION = YES;
				CLANG_WARN_COMMA = YES;
				CLANG_WARN_CONSTANT_CONVERSION = YES;
				CLANG_WARN_DEPRECATED_OBJC_IMPLEMENTATIONS = YES;
				CLANG_WARN_DIRECT_OBJC_ISA_USAGE = YES_ERROR;
				CLANG_WARN_DOCUMENTATION_COMMENTS = YES;
				CLANG_WARN_EMPTY_BODY = YES;
				CLANG_WARN_ENUM_CONVERSION = YES;
				CLANG_WARN_INFINITE_RECURSION = YES;
				CLANG_WARN_INT_CONVERSION = YES;
				CLANG_WARN_NON_LITERAL_NULL_CONVERSION = YES;
				CLANG_WARN_OBJC_IMPLICIT_RETAIN_SELF = YES;
				CLANG_WARN_OBJC_LITERAL_CONVERSION = YES;
				CLANG_WARN_OBJC_ROOT_CLASS = YES_ERROR;
				CLANG_WARN_QUOTED_INCLUDE_IN_FRAMEWORK_HEADER = YES;
				CLANG_WARN_RANGE_LOOP_ANALYSIS = YES;
				CLANG_WARN_STRICT_PROTOTYPES = YES;
				CLANG_WARN_SUSPICIOUS_MOVE = YES;
				CLANG_WARN_UNGUARDED_AVAILABILITY = YES_AGGRESSIVE;
				CLANG_WARN_UNREACHABLE_CODE = YES;
				CLANG_WARN__DUPLICATE_METHOD_MATCH = YES;
				COPY_PHASE_STRIP = NO;
				DEBUG_INFORMATION_FORMAT = dwarf;
				ENABLE_STRICT_OBJC_MSGSEND = YES;
				ENABLE_TESTABILITY = YES;
				ENABLE_USER_SCRIPT_SANDBOXING = YES;
				GCC_C_LANGUAGE_STANDARD = gnu17;
				GCC_DYNAMIC_NO_PIC = NO;
				GCC_NO_COMMON_BLOCKS = YES;
				GCC_OPTIMIZATION_LEVEL = 0;
				GCC_PREPROCESSOR_DEFINITIONS = (
					"DEBUG=1",
					"$(inherited)",
				);
				GCC_WARN_64_TO_32_BIT_CONVERSION = YES;
				GCC_WARN_ABOUT_RETURN_TYPE = YES_ERROR;
				GCC_WARN_UNDECLARED_SELECTOR = YES;
				GCC_WARN_UNINITIALIZED_AUTOS = YES_AGGRESSIVE;
				GCC_WARN_UNUSED_FUNCTION = YES;
				GCC_WARN_UNUSED_VARIABLE = YES;
				IPHONEOS_DEPLOYMENT_TARGET = 17.0;
				LOCALIZATION_PREFERS_STRING_CATALOGS = YES;
				MTL_ENABLE_DEBUG_INFO = INCLUDE_SOURCE;
				MTL_FAST_MATH = YES;
				ONLY_ACTIVE_ARCH = YES;
				SDKROOT = iphoneos;
				SWIFT_ACTIVE_COMPILATION_CONDITIONS = "DEBUG $(inherited)";
				SWIFT_OPTIMIZATION_LEVEL = "-Onone";
			};
			name = Debug;
		};
		21A0E5B82D0B5FF800778A17 /* Release */ = {
			isa = XCBuildConfiguration;
			buildSettings = {
				ALWAYS_SEARCH_USER_PATHS = NO;
				ASSETCATALOG_COMPILER_GENERATE_SWIFT_ASSET_SYMBOL_EXTENSIONS = YES;
				CLANG_ANALYZER_NONNULL = YES;
				CLANG_ANALYZER_NUMBER_OBJECT_CONVERSION = YES_AGGRESSIVE;
				CLANG_CXX_LANGUAGE_STANDARD = "gnu++20";
				CLANG_ENABLE_MODULES = YES;
				CLANG_ENABLE_OBJC_ARC = YES;
				CLANG_ENABLE_OBJC_WEAK = YES;
				CLANG_WARN_BLOCK_CAPTURE_AUTORELEASING = YES;
				CLANG_WARN_BOOL_CONVERSION = YES;
				CLANG_WARN_COMMA = YES;
				CLANG_WARN_CONSTANT_CONVERSION = YES;
				CLANG_WARN_DEPRECATED_OBJC_IMPLEMENTATIONS = YES;
				CLANG_WARN_DIRECT_OBJC_ISA_USAGE = YES_ERROR;
				CLANG_WARN_DOCUMENTATION_COMMENTS = YES;
				CLANG_WARN_EMPTY_BODY = YES;
				CLANG_WARN_ENUM_CONVERSION = YES;
				CLANG_WARN_INFINITE_RECURSION = YES;
				CLANG_WARN_INT_CONVERSION = YES;
				CLANG_WARN_NON_LITERAL_NULL_CONVERSION = YES;
				CLANG_WARN_OBJC_IMPLICIT_RETAIN_SELF = YES;
				CLANG_WARN_OBJC_LITERAL_CONVERSION = YES;
				CLANG_WARN_OBJC_ROOT_CLASS = YES_ERROR;
				CLANG_WARN_QUOTED_INCLUDE_IN_FRAMEWORK_HEADER = YES;
				CLANG_WARN_RANGE_LOOP_ANALYSIS = YES;
				CLANG_WARN_STRICT_PROTOTYPES = YES;
				CLANG_WARN_SUSPICIOUS_MOVE = YES;
				CLANG_WARN_UNGUARDED_AVAILABILITY = YES_AGGRESSIVE;
				CLANG_WARN_UNREACHABLE_CODE = YES;
				CLANG_WARN__DUPLICATE_METHOD_MATCH = YES;
				COPY_PHASE_STRIP = NO;
				DEBUG_INFORMATION_FORMAT = "dwarf-with-dsym";
				ENABLE_NS_ASSERTIONS = NO;
				ENABLE_STRICT_OBJC_MSGSEND = YES;
				ENABLE_USER_SCRIPT_SANDBOXING = YES;
				GCC_C_LANGUAGE_STANDARD = gnu17;
				GCC_NO_COMMON_BLOCKS = YES;
				GCC_WARN_64_TO_32_BIT_CONVERSION = YES;
				GCC_WARN_ABOUT_RETURN_TYPE = YES_ERROR;
				GCC_WARN_UNDECLARED_SELECTOR = YES;
				GCC_WARN_UNINITIALIZED_AUTOS = YES_AGGRESSIVE;
				GCC_WARN_UNUSED_FUNCTION = YES;
				GCC_WARN_UNUSED_VARIABLE = YES;
				IPHONEOS_DEPLOYMENT_TARGET = 17.0;
				LOCALIZATION_PREFERS_STRING_CATALOGS = YES;
				MTL_ENABLE_DEBUG_INFO = NO;
				MTL_FAST_MATH = YES;
				SDKROOT = iphoneos;
				SWIFT_COMPILATION_MODE = wholemodule;
				VALIDATE_PRODUCT = YES;
			};
			name = Release;
		};
		21A0E5BA2D0B5FF800778A17 /* Debug */ = {
			isa = XCBuildConfiguration;
			buildSettings = {
				ASSETCATALOG_COMPILER_APPICON_NAME = AppIcon;
				ASSETCATALOG_COMPILER_GLOBAL_ACCENT_COLOR_NAME = AccentColor;
				CODE_SIGN_STYLE = Automatic;
				CURRENT_PROJECT_VERSION = 1;
				DEVELOPMENT_TEAM = FZXNFG7X2G;
				GENERATE_INFOPLIST_FILE = YES;
				INFOPLIST_FILE = STEMPathways/Info.plist;
				INFOPLIST_KEY_UIApplicationSupportsIndirectInputEvents = YES;
				INFOPLIST_KEY_UILaunchStoryboardName = LaunchScreen;
				INFOPLIST_KEY_UIMainStoryboardFile = Main;
				INFOPLIST_KEY_UISupportedInterfaceOrientations_iPad = "UIInterfaceOrientationPortrait UIInterfaceOrientationPortraitUpsideDown UIInterfaceOrientationLandscapeLeft UIInterfaceOrientationLandscapeRight";
				INFOPLIST_KEY_UISupportedInterfaceOrientations_iPhone = "UIInterfaceOrientationPortrait UIInterfaceOrientationLandscapeLeft UIInterfaceOrientationLandscapeRight";
				LD_RUNPATH_SEARCH_PATHS = (
					"$(inherited)",
					"@executable_path/Frameworks",
				);
				MARKETING_VERSION = 1.0;
				PRODUCT_BUNDLE_IDENTIFIER = ZC.STEMPathways;
				PRODUCT_NAME = "$(TARGET_NAME)";
				SWIFT_EMIT_LOC_STRINGS = YES;
				SWIFT_VERSION = 5.0;
				TARGETED_DEVICE_FAMILY = "1,2";
			};
			name = Debug;
		};
		21A0E5BB2D0B5FF800778A17 /* Release */ = {
			isa = XCBuildConfiguration;
			buildSettings = {
				ASSETCATALOG_COMPILER_APPICON_NAME = AppIcon;
				ASSETCATALOG_COMPILER_GLOBAL_ACCENT_COLOR_NAME = AccentColor;
				CODE_SIGN_STYLE = Automatic;
				CURRENT_PROJECT_VERSION = 1;
				DEVELOPMENT_TEAM = FZXNFG7X2G;
				GENERATE_INFOPLIST_FILE = YES;
				INFOPLIST_FILE = STEMPathways/Info.plist;
				INFOPLIST_KEY_UIApplicationSupportsIndirectInputEvents = YES;
				INFOPLIST_KEY_UILaunchStoryboardName = LaunchScreen;
				INFOPLIST_KEY_UIMainStoryboardFile = Main;
				INFOPLIST_KEY_UISupportedInterfaceOrientations_iPad = "UIInterfaceOrientationPortrait UIInterfaceOrientationPortraitUpsideDown UIInterfaceOrientationLandscapeLeft UIInterfaceOrientationLandscapeRight";
				INFOPLIST_KEY_UISupportedInterfaceOrientations_iPhone = "UIInterfaceOrientationPortrait UIInterfaceOrientationLandscapeLeft UIInterfaceOrientationLandscapeRight";
				LD_RUNPATH_SEARCH_PATHS = (
					"$(inherited)",
					"@executable_path/Frameworks",
				);
				MARKETING_VERSION = 1.0;
				PRODUCT_BUNDLE_IDENTIFIER = ZC.STEMPathways;
				PRODUCT_NAME = "$(TARGET_NAME)";
				SWIFT_EMIT_LOC_STRINGS = YES;
				SWIFT_VERSION = 5.0;
				TARGETED_DEVICE_FAMILY = "1,2";
			};
			name = Release;
		};
		21A0E5BD2D0B5FF800778A17 /* Debug */ = {
			isa = XCBuildConfiguration;
			buildSettings = {
				ALWAYS_EMBED_SWIFT_STANDARD_LIBRARIES = YES;
				BUNDLE_LOADER = "$(TEST_HOST)";
				CODE_SIGN_STYLE = Automatic;
				CURRENT_PROJECT_VERSION = 1;
				DEVELOPMENT_TEAM = FZXNFG7X2G;
				GENERATE_INFOPLIST_FILE = YES;
				IPHONEOS_DEPLOYMENT_TARGET = 17.0;
				MARKETING_VERSION = 1.0;
				PRODUCT_BUNDLE_IDENTIFIER = ZC.STEMPathwaysTests;
				PRODUCT_NAME = "$(TARGET_NAME)";
				SWIFT_EMIT_LOC_STRINGS = NO;
				SWIFT_VERSION = 5.0;
				TARGETED_DEVICE_FAMILY = "1,2";
				TEST_HOST = "$(BUILT_PRODUCTS_DIR)/STEMPathways.app/$(BUNDLE_EXECUTABLE_FOLDER_PATH)/STEMPathways";
			};
			name = Debug;
		};
		21A0E5BE2D0B5FF800778A17 /* Release */ = {
			isa = XCBuildConfiguration;
			buildSettings = {
				ALWAYS_EMBED_SWIFT_STANDARD_LIBRARIES = YES;
				BUNDLE_LOADER = "$(TEST_HOST)";
				CODE_SIGN_STYLE = Automatic;
				CURRENT_PROJECT_VERSION = 1;
				DEVELOPMENT_TEAM = FZXNFG7X2G;
				GENERATE_INFOPLIST_FILE = YES;
				IPHONEOS_DEPLOYMENT_TARGET = 17.0;
				MARKETING_VERSION = 1.0;
				PRODUCT_BUNDLE_IDENTIFIER = ZC.STEMPathwaysTests;
				PRODUCT_NAME = "$(TARGET_NAME)";
				SWIFT_EMIT_LOC_STRINGS = NO;
				SWIFT_VERSION = 5.0;
				TARGETED_DEVICE_FAMILY = "1,2";
				TEST_HOST = "$(BUILT_PRODUCTS_DIR)/STEMPathways.app/$(BUNDLE_EXECUTABLE_FOLDER_PATH)/STEMPathways";
			};
			name = Release;
		};
		21A0E5C02D0B5FF800778A17 /* Debug */ = {
			isa = XCBuildConfiguration;
			buildSettings = {
				ALWAYS_EMBED_SWIFT_STANDARD_LIBRARIES = YES;
				CODE_SIGN_STYLE = Automatic;
				CURRENT_PROJECT_VERSION = 1;
				DEVELOPMENT_TEAM = FZXNFG7X2G;
				GENERATE_INFOPLIST_FILE = YES;
				MARKETING_VERSION = 1.0;
				PRODUCT_BUNDLE_IDENTIFIER = ZC.STEMPathwaysUITests;
				PRODUCT_NAME = "$(TARGET_NAME)";
				SWIFT_EMIT_LOC_STRINGS = NO;
				SWIFT_VERSION = 5.0;
				TARGETED_DEVICE_FAMILY = "1,2";
				TEST_TARGET_NAME = STEMPathways;
			};
			name = Debug;
		};
		21A0E5C12D0B5FF800778A17 /* Release */ = {
			isa = XCBuildConfiguration;
			buildSettings = {
				ALWAYS_EMBED_SWIFT_STANDARD_LIBRARIES = YES;
				CODE_SIGN_STYLE = Automatic;
				CURRENT_PROJECT_VERSION = 1;
				DEVELOPMENT_TEAM = FZXNFG7X2G;
				GENERATE_INFOPLIST_FILE = YES;
				MARKETING_VERSION = 1.0;
				PRODUCT_BUNDLE_IDENTIFIER = ZC.STEMPathwaysUITests;
				PRODUCT_NAME = "$(TARGET_NAME)";
				SWIFT_EMIT_LOC_STRINGS = NO;
				SWIFT_VERSION = 5.0;
				TARGETED_DEVICE_FAMILY = "1,2";
				TEST_TARGET_NAME = STEMPathways;
			};
			name = Release;
		};
/* End XCBuildConfiguration section */

/* Begin XCConfigurationList section */
		21A0E58A2D0B5FF200778A17 /* Build configuration list for PBXProject "STEMPathways" */ = {
			isa = XCConfigurationList;
			buildConfigurations = (
				21A0E5B72D0B5FF800778A17 /* Debug */,
				21A0E5B82D0B5FF800778A17 /* Release */,
			);
			defaultConfigurationIsVisible = 0;
			defaultConfigurationName = Release;
		};
		21A0E5B92D0B5FF800778A17 /* Build configuration list for PBXNativeTarget "STEMPathways" */ = {
			isa = XCConfigurationList;
			buildConfigurations = (
				21A0E5BA2D0B5FF800778A17 /* Debug */,
				21A0E5BB2D0B5FF800778A17 /* Release */,
			);
			defaultConfigurationIsVisible = 0;
			defaultConfigurationName = Release;
		};
		21A0E5BC2D0B5FF800778A17 /* Build configuration list for PBXNativeTarget "STEMPathwaysTests" */ = {
			isa = XCConfigurationList;
			buildConfigurations = (
				21A0E5BD2D0B5FF800778A17 /* Debug */,
				21A0E5BE2D0B5FF800778A17 /* Release */,
			);
			defaultConfigurationIsVisible = 0;
			defaultConfigurationName = Release;
		};
		21A0E5BF2D0B5FF800778A17 /* Build configuration list for PBXNativeTarget "STEMPathwaysUITests" */ = {
			isa = XCConfigurationList;
			buildConfigurations = (
				21A0E5C02D0B5FF800778A17 /* Debug */,
				21A0E5C12D0B5FF800778A17 /* Release */,
			);
			defaultConfigurationIsVisible = 0;
			defaultConfigurationName = Release;
		};
/* End XCConfigurationList section */
	};
	rootObject = 21A0E5872D0B5FF200778A17 /* Project object */;
}
